// !$*UTF8*$!
{
	archiveVersion = 1;
	classes = {
	};
	objectVersion = 46;
	objects = {

/* Begin PBXBuildFile section */
		7E7BDAA11A51369D00FB93CF /* main.m in Sources */ = {isa = PBXBuildFile; fileRef = 7E7BDAA01A51369D00FB93CF /* main.m */; };
		7E7BDABB1A51369D00FB93CF /* Six_Flags_HistoryTests.m in Sources */ = {isa = PBXBuildFile; fileRef = 7E7BDABA1A51369D00FB93CF /* Six_Flags_HistoryTests.m */; };
		7E7BDAC91A5136EE00FB93CF /* AppDelegate.m in Sources */ = {isa = PBXBuildFile; fileRef = 7E7BDAC51A5136EE00FB93CF /* AppDelegate.m */; };
		7E7BDACA1A5136EE00FB93CF /* Main.storyboard in Resources */ = {isa = PBXBuildFile; fileRef = 7E7BDAC61A5136EE00FB93CF /* Main.storyboard */; };
		7E7BDACB1A5136EE00FB93CF /* Images.xcassets in Resources */ = {isa = PBXBuildFile; fileRef = 7E7BDAC71A5136EE00FB93CF /* Images.xcassets */; };
		7E7BDACC1A5136EE00FB93CF /* LaunchScreen.xib in Resources */ = {isa = PBXBuildFile; fileRef = 7E7BDAC81A5136EE00FB93CF /* LaunchScreen.xib */; };
		7E7BDACF1A51370900FB93CF /* pickParkViewController.m in Sources */ = {isa = PBXBuildFile; fileRef = 7E7BDACE1A51370900FB93CF /* pickParkViewController.m */; };
		7E7BDAD21A51372900FB93CF /* parkTableCell.m in Sources */ = {isa = PBXBuildFile; fileRef = 7E7BDAD11A51372900FB93CF /* parkTableCell.m */; };
		7E7BDAD61A5137D600FB93CF /* park.m in Sources */ = {isa = PBXBuildFile; fileRef = 7E7BDAD51A5137D600FB93CF /* park.m */; };
		7E7BDADA1A51390700FB93CF /* listOfParks in Resources */ = {isa = PBXBuildFile; fileRef = 7E7BDAD91A51390700FB93CF /* listOfParks */; };
		7E7BDADD1A513AF800FB93CF /* ridesViewController.m in Sources */ = {isa = PBXBuildFile; fileRef = 7E7BDADC1A513AF800FB93CF /* ridesViewController.m */; };
		7E7BDAE01A513C4F00FB93CF /* ride.m in Sources */ = {isa = PBXBuildFile; fileRef = 7E7BDADF1A513C4F00FB93CF /* ride.m */; };
		7E7BDAE31A513C7D00FB93CF /* parser.m in Sources */ = {isa = PBXBuildFile; fileRef = 7E7BDAE21A513C7D00FB93CF /* parser.m */; };
		7E7BDAE51A513FD700FB93CF /* SixFlagsMagicMountainRides.txt in Resources */ = {isa = PBXBuildFile; fileRef = 7E7BDAE41A513FD700FB93CF /* SixFlagsMagicMountainRides.txt */; };
		7E7BDAE71A51465200FB93CF /* SixFlagsGreatAmericaRides.txt in Resources */ = {isa = PBXBuildFile; fileRef = 7E7BDAE61A51465200FB93CF /* SixFlagsGreatAmericaRides.txt */; };
		7E7BDAEB1A51490D00FB93CF /* rideProfileViewController.m in Sources */ = {isa = PBXBuildFile; fileRef = 7E7BDAEA1A51490D00FB93CF /* rideProfileViewController.m */; };
		7EBFBC361A5A5D38003316CE /* GoliathImage.jpg in Resources */ = {isa = PBXBuildFile; fileRef = 7EBFBC351A5A5D38003316CE /* GoliathImage.jpg */; };
		7EBFBC381A5A609B003316CE /* Gold RusherDescription.txt in Resources */ = {isa = PBXBuildFile; fileRef = 7EBFBC371A5A609B003316CE /* Gold RusherDescription.txt */; };
		7EC60C601A56644800C7B372 /* iAd.framework in Frameworks */ = {isa = PBXBuildFile; fileRef = 7EC60C5F1A56644800C7B372 /* iAd.framework */; };
		7EC60C631A5679AA00C7B372 /* GoliathDescription.txt in Resources */ = {isa = PBXBuildFile; fileRef = 7EC60C621A5679AA00C7B372 /* GoliathDescription.txt */; };
		7EC650B11A5BAA8100B41957 /* Gold RusherImage.jpg in Resources */ = {isa = PBXBuildFile; fileRef = 7EC650B01A5BAA8100B41957 /* Gold RusherImage.jpg */; };
		7EC650B31A5BB37200B41957 /* Magic FlyerDescription.txt in Resources */ = {isa = PBXBuildFile; fileRef = 7EC650B21A5BB37200B41957 /* Magic FlyerDescription.txt */; };
/* End PBXBuildFile section */

/* Begin PBXContainerItemProxy section */
		7E7BDAB51A51369D00FB93CF /* PBXContainerItemProxy */ = {
			isa = PBXContainerItemProxy;
			containerPortal = 7E7BDA931A51369D00FB93CF /* Project object */;
			proxyType = 1;
			remoteGlobalIDString = 7E7BDA9A1A51369D00FB93CF;
			remoteInfo = "Six Flags History";
		};
/* End PBXContainerItemProxy section */

/* Begin PBXFileReference section */
		7E7BDA9B1A51369D00FB93CF /* Six Flags History.app */ = {isa = PBXFileReference; explicitFileType = wrapper.application; includeInIndex = 0; path = "Six Flags History.app"; sourceTree = BUILT_PRODUCTS_DIR; };
		7E7BDA9F1A51369D00FB93CF /* Info.plist */ = {isa = PBXFileReference; lastKnownFileType = text.plist.xml; path = Info.plist; sourceTree = "<group>"; };
		7E7BDAA01A51369D00FB93CF /* main.m */ = {isa = PBXFileReference; lastKnownFileType = sourcecode.c.objc; path = main.m; sourceTree = "<group>"; };
		7E7BDAB41A51369D00FB93CF /* Six Flags HistoryTests.xctest */ = {isa = PBXFileReference; explicitFileType = wrapper.cfbundle; includeInIndex = 0; path = "Six Flags HistoryTests.xctest"; sourceTree = BUILT_PRODUCTS_DIR; };
		7E7BDAB91A51369D00FB93CF /* Info.plist */ = {isa = PBXFileReference; lastKnownFileType = text.plist.xml; path = Info.plist; sourceTree = "<group>"; };
		7E7BDABA1A51369D00FB93CF /* Six_Flags_HistoryTests.m */ = {isa = PBXFileReference; lastKnownFileType = sourcecode.c.objc; path = Six_Flags_HistoryTests.m; sourceTree = "<group>"; };
		7E7BDAC41A5136EE00FB93CF /* AppDelegate.h */ = {isa = PBXFileReference; fileEncoding = 4; lastKnownFileType = sourcecode.c.h; path = AppDelegate.h; sourceTree = "<group>"; };
		7E7BDAC51A5136EE00FB93CF /* AppDelegate.m */ = {isa = PBXFileReference; fileEncoding = 4; lastKnownFileType = sourcecode.c.objc; path = AppDelegate.m; sourceTree = "<group>"; };
		7E7BDAC61A5136EE00FB93CF /* Main.storyboard */ = {isa = PBXFileReference; fileEncoding = 4; lastKnownFileType = file.storyboard; path = Main.storyboard; sourceTree = "<group>"; };
		7E7BDAC71A5136EE00FB93CF /* Images.xcassets */ = {isa = PBXFileReference; lastKnownFileType = folder.assetcatalog; path = Images.xcassets; sourceTree = "<group>"; };
		7E7BDAC81A5136EE00FB93CF /* LaunchScreen.xib */ = {isa = PBXFileReference; fileEncoding = 4; lastKnownFileType = file.xib; path = LaunchScreen.xib; sourceTree = "<group>"; };
		7E7BDACD1A51370900FB93CF /* pickParkViewController.h */ = {isa = PBXFileReference; fileEncoding = 4; lastKnownFileType = sourcecode.c.h; path = pickParkViewController.h; sourceTree = "<group>"; };
		7E7BDACE1A51370900FB93CF /* pickParkViewController.m */ = {isa = PBXFileReference; fileEncoding = 4; lastKnownFileType = sourcecode.c.objc; path = pickParkViewController.m; sourceTree = "<group>"; };
		7E7BDAD01A51372900FB93CF /* parkTableCell.h */ = {isa = PBXFileReference; fileEncoding = 4; lastKnownFileType = sourcecode.c.h; name = parkTableCell.h; path = "../../Disney History/Disney History/parkTableCell.h"; sourceTree = "<group>"; };
		7E7BDAD11A51372900FB93CF /* parkTableCell.m */ = {isa = PBXFileReference; fileEncoding = 4; lastKnownFileType = sourcecode.c.objc; name = parkTableCell.m; path = "../../Disney History/Disney History/parkTableCell.m"; sourceTree = "<group>"; };
		7E7BDAD41A5137D600FB93CF /* park.h */ = {isa = PBXFileReference; fileEncoding = 4; lastKnownFileType = sourcecode.c.h; path = park.h; sourceTree = "<group>"; };
		7E7BDAD51A5137D600FB93CF /* park.m */ = {isa = PBXFileReference; fileEncoding = 4; lastKnownFileType = sourcecode.c.objc; path = park.m; sourceTree = "<group>"; };
		7E7BDAD91A51390700FB93CF /* listOfParks */ = {isa = PBXFileReference; fileEncoding = 4; lastKnownFileType = text; path = listOfParks; sourceTree = "<group>"; };
		7E7BDADB1A513AF800FB93CF /* ridesViewController.h */ = {isa = PBXFileReference; fileEncoding = 4; lastKnownFileType = sourcecode.c.h; path = ridesViewController.h; sourceTree = "<group>"; };
		7E7BDADC1A513AF800FB93CF /* ridesViewController.m */ = {isa = PBXFileReference; fileEncoding = 4; lastKnownFileType = sourcecode.c.objc; path = ridesViewController.m; sourceTree = "<group>"; };
		7E7BDADE1A513C4F00FB93CF /* ride.h */ = {isa = PBXFileReference; fileEncoding = 4; lastKnownFileType = sourcecode.c.h; path = ride.h; sourceTree = "<group>"; };
		7E7BDADF1A513C4F00FB93CF /* ride.m */ = {isa = PBXFileReference; fileEncoding = 4; lastKnownFileType = sourcecode.c.objc; path = ride.m; sourceTree = "<group>"; };
		7E7BDAE11A513C7D00FB93CF /* parser.h */ = {isa = PBXFileReference; fileEncoding = 4; lastKnownFileType = sourcecode.c.h; path = parser.h; sourceTree = "<group>"; };
		7E7BDAE21A513C7D00FB93CF /* parser.m */ = {isa = PBXFileReference; fileEncoding = 4; lastKnownFileType = sourcecode.c.objc; path = parser.m; sourceTree = "<group>"; };
		7E7BDAE41A513FD700FB93CF /* SixFlagsMagicMountainRides.txt */ = {isa = PBXFileReference; fileEncoding = 4; lastKnownFileType = text; path = SixFlagsMagicMountainRides.txt; sourceTree = "<group>"; };
		7E7BDAE61A51465200FB93CF /* SixFlagsGreatAmericaRides.txt */ = {isa = PBXFileReference; fileEncoding = 4; lastKnownFileType = text; path = SixFlagsGreatAmericaRides.txt; sourceTree = "<group>"; };
		7E7BDAE91A51490D00FB93CF /* rideProfileViewController.h */ = {isa = PBXFileReference; fileEncoding = 4; lastKnownFileType = sourcecode.c.h; path = rideProfileViewController.h; sourceTree = "<group>"; };
		7E7BDAEA1A51490D00FB93CF /* rideProfileViewController.m */ = {isa = PBXFileReference; fileEncoding = 4; lastKnownFileType = sourcecode.c.objc; path = rideProfileViewController.m; sourceTree = "<group>"; };
		7EBFBC351A5A5D38003316CE /* GoliathImage.jpg */ = {isa = PBXFileReference; lastKnownFileType = image.jpeg; path = GoliathImage.jpg; sourceTree = "<group>"; };
		7EBFBC371A5A609B003316CE /* Gold RusherDescription.txt */ = {isa = PBXFileReference; fileEncoding = 4; lastKnownFileType = text; path = "Gold RusherDescription.txt"; sourceTree = "<group>"; };
		7EC60C5F1A56644800C7B372 /* iAd.framework */ = {isa = PBXFileReference; lastKnownFileType = wrapper.framework; name = iAd.framework; path = System/Library/Frameworks/iAd.framework; sourceTree = SDKROOT; };
		7EC60C621A5679AA00C7B372 /* GoliathDescription.txt */ = {isa = PBXFileReference; fileEncoding = 4; lastKnownFileType = text; path = GoliathDescription.txt; sourceTree = "<group>"; };
		7EC650B01A5BAA8100B41957 /* Gold RusherImage.jpg */ = {isa = PBXFileReference; lastKnownFileType = image.jpeg; path = "Gold RusherImage.jpg"; sourceTree = "<group>"; };
		7EC650B21A5BB37200B41957 /* Magic FlyerDescription.txt */ = {isa = PBXFileReference; fileEncoding = 4; lastKnownFileType = text; path = "Magic FlyerDescription.txt"; sourceTree = "<group>"; };
/* End PBXFileReference section */

/* Begin PBXFrameworksBuildPhase section */
		7E7BDA981A51369D00FB93CF /* Frameworks */ = {
			isa = PBXFrameworksBuildPhase;
			buildActionMask = 2147483647;
			files = (
				7EC60C601A56644800C7B372 /* iAd.framework in Frameworks */,
			);
			runOnlyForDeploymentPostprocessing = 0;
		};
		7E7BDAB11A51369D00FB93CF /* Frameworks */ = {
			isa = PBXFrameworksBuildPhase;
			buildActionMask = 2147483647;
			files = (
			);
			runOnlyForDeploymentPostprocessing = 0;
		};
/* End PBXFrameworksBuildPhase section */

/* Begin PBXGroup section */
		7E7BDA921A51369D00FB93CF = {
			isa = PBXGroup;
			children = (
				7EC60C5F1A56644800C7B372 /* iAd.framework */,
				7E7BDA9D1A51369D00FB93CF /* Six Flags History */,
				7E7BDAB71A51369D00FB93CF /* Six Flags HistoryTests */,
				7E7BDA9C1A51369D00FB93CF /* Products */,
			);
			sourceTree = "<group>";
		};
		7E7BDA9C1A51369D00FB93CF /* Products */ = {
			isa = PBXGroup;
			children = (
				7E7BDA9B1A51369D00FB93CF /* Six Flags History.app */,
				7E7BDAB41A51369D00FB93CF /* Six Flags HistoryTests.xctest */,
			);
			name = Products;
			sourceTree = "<group>";
		};
		7E7BDA9D1A51369D00FB93CF /* Six Flags History */ = {
			isa = PBXGroup;
			children = (
				7E7BDAC41A5136EE00FB93CF /* AppDelegate.h */,
				7E7BDAC51A5136EE00FB93CF /* AppDelegate.m */,
				7E7BDAC61A5136EE00FB93CF /* Main.storyboard */,
				7E7BDAC71A5136EE00FB93CF /* Images.xcassets */,
				7E7BDAC81A5136EE00FB93CF /* LaunchScreen.xib */,
				7E7BDAE91A51490D00FB93CF /* rideProfileViewController.h */,
				7E7BDAEA1A51490D00FB93CF /* rideProfileViewController.m */,
				7E7BDADB1A513AF800FB93CF /* ridesViewController.h */,
				7E7BDADC1A513AF800FB93CF /* ridesViewController.m */,
				7E7BDA9E1A51369D00FB93CF /* Supporting Files */,
			);
			path = "Six Flags History";
			sourceTree = "<group>";
		};
		7E7BDA9E1A51369D00FB93CF /* Supporting Files */ = {
			isa = PBXGroup;
			children = (
				7E7BDAD81A5138E800FB93CF /* Data */,
				7E7BDAD71A5137DB00FB93CF /* Model */,
				7E7BDAD31A51372D00FB93CF /* cells */,
				7E7BDACD1A51370900FB93CF /* pickParkViewController.h */,
				7E7BDACE1A51370900FB93CF /* pickParkViewController.m */,
				7E7BDA9F1A51369D00FB93CF /* Info.plist */,
				7E7BDAA01A51369D00FB93CF /* main.m */,
			);
			name = "Supporting Files";
			sourceTree = "<group>";
		};
		7E7BDAB71A51369D00FB93CF /* Six Flags HistoryTests */ = {
			isa = PBXGroup;
			children = (
				7E7BDABA1A51369D00FB93CF /* Six_Flags_HistoryTests.m */,
				7E7BDAB81A51369D00FB93CF /* Supporting Files */,
			);
			path = "Six Flags HistoryTests";
			sourceTree = "<group>";
		};
		7E7BDAB81A51369D00FB93CF /* Supporting Files */ = {
			isa = PBXGroup;
			children = (
				7E7BDAB91A51369D00FB93CF /* Info.plist */,
			);
			name = "Supporting Files";
			sourceTree = "<group>";
		};
		7E7BDAD31A51372D00FB93CF /* cells */ = {
			isa = PBXGroup;
			children = (
				7E7BDAD01A51372900FB93CF /* parkTableCell.h */,
				7E7BDAD11A51372900FB93CF /* parkTableCell.m */,
			);
			name = cells;
			sourceTree = "<group>";
		};
		7E7BDAD71A5137DB00FB93CF /* Model */ = {
			isa = PBXGroup;
			children = (
				7E7BDAE11A513C7D00FB93CF /* parser.h */,
				7E7BDAE21A513C7D00FB93CF /* parser.m */,
				7E7BDAD41A5137D600FB93CF /* park.h */,
				7E7BDAD51A5137D600FB93CF /* park.m */,
				7E7BDADE1A513C4F00FB93CF /* ride.h */,
				7E7BDADF1A513C4F00FB93CF /* ride.m */,
			);
			name = Model;
			sourceTree = "<group>";
		};
		7E7BDAD81A5138E800FB93CF /* Data */ = {
			isa = PBXGroup;
			children = (
				7EC60C611A56799000C7B372 /* MagicMountainRides */,
				7E7BDAE81A51469F00FB93CF /* Ride Lists */,
				7E7BDAD91A51390700FB93CF /* listOfParks */,
			);
			name = Data;
			sourceTree = "<group>";
		};
		7E7BDAE81A51469F00FB93CF /* Ride Lists */ = {
			isa = PBXGroup;
			children = (
				7E7BDAE41A513FD700FB93CF /* SixFlagsMagicMountainRides.txt */,
				7E7BDAE61A51465200FB93CF /* SixFlagsGreatAmericaRides.txt */,
			);
			name = "Ride Lists";
			sourceTree = "<group>";
		};
		7EC60C611A56799000C7B372 /* MagicMountainRides */ = {
			isa = PBXGroup;
			children = (
				7EC650B01A5BAA8100B41957 /* Gold RusherImage.jpg */,
				7EBFBC351A5A5D38003316CE /* GoliathImage.jpg */,
				7EBFBC371A5A609B003316CE /* Gold RusherDescription.txt */,
				7EC650B21A5BB37200B41957 /* Magic FlyerDescription.txt */,
				7EC60C621A5679AA00C7B372 /* GoliathDescription.txt */,
			);
			name = MagicMountainRides;
			sourceTree = "<group>";
		};
/* End PBXGroup section */

/* Begin PBXNativeTarget section */
		7E7BDA9A1A51369D00FB93CF /* Six Flags History */ = {
			isa = PBXNativeTarget;
			buildConfigurationList = 7E7BDABE1A51369D00FB93CF /* Build configuration list for PBXNativeTarget "Six Flags History" */;
			buildPhases = (
				7E7BDA971A51369D00FB93CF /* Sources */,
				7E7BDA981A51369D00FB93CF /* Frameworks */,
				7E7BDA991A51369D00FB93CF /* Resources */,
			);
			buildRules = (
			);
			dependencies = (
			);
			name = "Six Flags History";
			productName = "Six Flags History";
			productReference = 7E7BDA9B1A51369D00FB93CF /* Six Flags History.app */;
			productType = "com.apple.product-type.application";
		};
		7E7BDAB31A51369D00FB93CF /* Six Flags HistoryTests */ = {
			isa = PBXNativeTarget;
			buildConfigurationList = 7E7BDAC11A51369D00FB93CF /* Build configuration list for PBXNativeTarget "Six Flags HistoryTests" */;
			buildPhases = (
				7E7BDAB01A51369D00FB93CF /* Sources */,
				7E7BDAB11A51369D00FB93CF /* Frameworks */,
				7E7BDAB21A51369D00FB93CF /* Resources */,
			);
			buildRules = (
			);
			dependencies = (
				7E7BDAB61A51369D00FB93CF /* PBXTargetDependency */,
			);
			name = "Six Flags HistoryTests";
			productName = "Six Flags HistoryTests";
			productReference = 7E7BDAB41A51369D00FB93CF /* Six Flags HistoryTests.xctest */;
			productType = "com.apple.product-type.bundle.unit-test";
		};
/* End PBXNativeTarget section */

/* Begin PBXProject section */
		7E7BDA931A51369D00FB93CF /* Project object */ = {
			isa = PBXProject;
			attributes = {
				LastUpgradeCheck = 0610;
				ORGANIZATIONNAME = "Matthew Krager";
				TargetAttributes = {
					7E7BDA9A1A51369D00FB93CF = {
						CreatedOnToolsVersion = 6.1.1;
					};
					7E7BDAB31A51369D00FB93CF = {
						CreatedOnToolsVersion = 6.1.1;
						TestTargetID = 7E7BDA9A1A51369D00FB93CF;
					};
				};
			};
			buildConfigurationList = 7E7BDA961A51369D00FB93CF /* Build configuration list for PBXProject "Six Flags History" */;
			compatibilityVersion = "Xcode 3.2";
			developmentRegion = English;
			hasScannedForEncodings = 0;
			knownRegions = (
				en,
				Base,
			);
			mainGroup = 7E7BDA921A51369D00FB93CF;
			productRefGroup = 7E7BDA9C1A51369D00FB93CF /* Products */;
			projectDirPath = "";
			projectRoot = "";
			targets = (
				7E7BDA9A1A51369D00FB93CF /* Six Flags History */,
				7E7BDAB31A51369D00FB93CF /* Six Flags HistoryTests */,
			);
		};
/* End PBXProject section */

/* Begin PBXResourcesBuildPhase section */
		7E7BDA991A51369D00FB93CF /* Resources */ = {
			isa = PBXResourcesBuildPhase;
			buildActionMask = 2147483647;
			files = (
				7EC60C631A5679AA00C7B372 /* GoliathDescription.txt in Resources */,
				7E7BDAE71A51465200FB93CF /* SixFlagsGreatAmericaRides.txt in Resources */,
				7EBFBC361A5A5D38003316CE /* GoliathImage.jpg in Resources */,
				7E7BDACA1A5136EE00FB93CF /* Main.storyboard in Resources */,
				7EBFBC381A5A609B003316CE /* Gold RusherDescription.txt in Resources */,
				7EC650B11A5BAA8100B41957 /* Gold RusherImage.jpg in Resources */,
				7E7BDADA1A51390700FB93CF /* listOfParks in Resources */,
				7EC650B31A5BB37200B41957 /* Magic FlyerDescription.txt in Resources */,
				7E7BDAE51A513FD700FB93CF /* SixFlagsMagicMountainRides.txt in Resources */,
				7E7BDACC1A5136EE00FB93CF /* LaunchScreen.xib in Resources */,
				7E7BDACB1A5136EE00FB93CF /* Images.xcassets in Resources */,
			);
			runOnlyForDeploymentPostprocessing = 0;
		};
		7E7BDAB21A51369D00FB93CF /* Resources */ = {
			isa = PBXResourcesBuildPhase;
			buildActionMask = 2147483647;
			files = (
			);
			runOnlyForDeploymentPostprocessing = 0;
		};
/* End PBXResourcesBuildPhase section */

/* Begin PBXSourcesBuildPhase section */
		7E7BDA971A51369D00FB93CF /* Sources */ = {
			isa = PBXSourcesBuildPhase;
			buildActionMask = 2147483647;
			files = (
				7E7BDAE31A513C7D00FB93CF /* parser.m in Sources */,
				7E7BDADD1A513AF800FB93CF /* ridesViewController.m in Sources */,
				7E7BDAD61A5137D600FB93CF /* park.m in Sources */,
				7E7BDAEB1A51490D00FB93CF /* rideProfileViewController.m in Sources */,
				7E7BDAD21A51372900FB93CF /* parkTableCell.m in Sources */,
				7E7BDAC91A5136EE00FB93CF /* AppDelegate.m in Sources */,
				7E7BDAA11A51369D00FB93CF /* main.m in Sources */,
				7E7BDAE01A513C4F00FB93CF /* ride.m in Sources */,
				7E7BDACF1A51370900FB93CF /* pickParkViewController.m in Sources */,
			);
			runOnlyForDeploymentPostprocessing = 0;
		};
		7E7BDAB01A51369D00FB93CF /* Sources */ = {
			isa = PBXSourcesBuildPhase;
			buildActionMask = 2147483647;
			files = (
				7E7BDABB1A51369D00FB93CF /* Six_Flags_HistoryTests.m in Sources */,
			);
			runOnlyForDeploymentPostprocessing = 0;
		};
/* End PBXSourcesBuildPhase section */

/* Begin PBXTargetDependency section */
		7E7BDAB61A51369D00FB93CF /* PBXTargetDependency */ = {
			isa = PBXTargetDependency;
			target = 7E7BDA9A1A51369D00FB93CF /* Six Flags History */;
			targetProxy = 7E7BDAB51A51369D00FB93CF /* PBXContainerItemProxy */;
		};
/* End PBXTargetDependency section */

/* Begin XCBuildConfiguration section */
		7E7BDABC1A51369D00FB93CF /* Debug */ = {
			isa = XCBuildConfiguration;
			buildSettings = {
				ALWAYS_SEARCH_USER_PATHS = NO;
				CLANG_CXX_LANGUAGE_STANDARD = "gnu++0x";
				CLANG_CXX_LIBRARY = "libc++";
				CLANG_ENABLE_MODULES = YES;
				CLANG_ENABLE_OBJC_ARC = YES;
				CLANG_WARN_BOOL_CONVERSION = YES;
				CLANG_WARN_CONSTANT_CONVERSION = YES;
				CLANG_WARN_DIRECT_OBJC_ISA_USAGE = YES_ERROR;
				CLANG_WARN_EMPTY_BODY = YES;
				CLANG_WARN_ENUM_CONVERSION = YES;
				CLANG_WARN_INT_CONVERSION = YES;
				CLANG_WARN_OBJC_ROOT_CLASS = YES_ERROR;
				CLANG_WARN_UNREACHABLE_CODE = YES;
				CLANG_WARN__DUPLICATE_METHOD_MATCH = YES;
				"CODE_SIGN_IDENTITY[sdk=iphoneos*]" = "iPhone Developer";
				COPY_PHASE_STRIP = NO;
				ENABLE_STRICT_OBJC_MSGSEND = YES;
				GCC_C_LANGUAGE_STANDARD = gnu99;
				GCC_DYNAMIC_NO_PIC = NO;
				GCC_OPTIMIZATION_LEVEL = 0;
				GCC_PREPROCESSOR_DEFINITIONS = (
					"DEBUG=1",
					"$(inherited)",
				);
				GCC_SYMBOLS_PRIVATE_EXTERN = NO;
				GCC_WARN_64_TO_32_BIT_CONVERSION = YES;
				GCC_WARN_ABOUT_RETURN_TYPE = YES_ERROR;
				GCC_WARN_UNDECLARED_SELECTOR = YES;
				GCC_WARN_UNINITIALIZED_AUTOS = YES_AGGRESSIVE;
				GCC_WARN_UNUSED_FUNCTION = YES;
				GCC_WARN_UNUSED_VARIABLE = YES;
				IPHONEOS_DEPLOYMENT_TARGET = 8.1;
				MTL_ENABLE_DEBUG_INFO = YES;
				ONLY_ACTIVE_ARCH = YES;
				SDKROOT = iphoneos;
				TARGETED_DEVICE_FAMILY = "1,2";
			};
			name = Debug;
		};
		7E7BDABD1A51369D00FB93CF /* Release */ = {
			isa = XCBuildConfiguration;
			buildSettings = {
				ALWAYS_SEARCH_USER_PATHS = NO;
				CLANG_CXX_LANGUAGE_STANDARD = "gnu++0x";
				CLANG_CXX_LIBRARY = "libc++";
				CLANG_ENABLE_MODULES = YES;
				CLANG_ENABLE_OBJC_ARC = YES;
				CLANG_WARN_BOOL_CONVERSION = YES;
				CLANG_WARN_CONSTANT_CONVERSION = YES;
				CLANG_WARN_DIRECT_OBJC_ISA_USAGE = YES_ERROR;
				CLANG_WARN_EMPTY_BODY = YES;
				CLANG_WARN_ENUM_CONVERSION = YES;
				CLANG_WARN_INT_CONVERSION = YES;
				CLANG_WARN_OBJC_ROOT_CLASS = YES_ERROR;
				CLANG_WARN_UNREACHABLE_CODE = YES;
				CLANG_WARN__DUPLICATE_METHOD_MATCH = YES;
				"CODE_SIGN_IDENTITY[sdk=iphoneos*]" = "iPhone Developer";
				COPY_PHASE_STRIP = YES;
				ENABLE_NS_ASSERTIONS = NO;
				ENABLE_STRICT_OBJC_MSGSEND = YES;
				GCC_C_LANGUAGE_STANDARD = gnu99;
				GCC_WARN_64_TO_32_BIT_CONVERSION = YES;
				GCC_WARN_ABOUT_RETURN_TYPE = YES_ERROR;
				GCC_WARN_UNDECLARED_SELECTOR = YES;
				GCC_WARN_UNINITIALIZED_AUTOS = YES_AGGRESSIVE;
				GCC_WARN_UNUSED_FUNCTION = YES;
				GCC_WARN_UNUSED_VARIABLE = YES;
				IPHONEOS_DEPLOYMENT_TARGET = 8.1;
				MTL_ENABLE_DEBUG_INFO = NO;
				SDKROOT = iphoneos;
				TARGETED_DEVICE_FAMILY = "1,2";
				VALIDATE_PRODUCT = YES;
			};
			name = Release;
		};
		7E7BDABF1A51369D00FB93CF /* Debug */ = {
			isa = XCBuildConfiguration;
			buildSettings = {
				ASSETCATALOG_COMPILER_APPICON_NAME = AppIcon;
				INFOPLIST_FILE = "Six Flags History/Info.plist";
				IPHONEOS_DEPLOYMENT_TARGET = 7.0;
				LD_RUNPATH_SEARCH_PATHS = "$(inherited) @executable_path/Frameworks";
				PRODUCT_NAME = "$(TARGET_NAME)";
			};
			name = Debug;
		};
		7E7BDAC01A51369D00FB93CF /* Release */ = {
			isa = XCBuildConfiguration;
			buildSettings = {
				ASSETCATALOG_COMPILER_APPICON_NAME = AppIcon;
				INFOPLIST_FILE = "Six Flags History/Info.plist";
				IPHONEOS_DEPLOYMENT_TARGET = 7.0;
				LD_RUNPATH_SEARCH_PATHS = "$(inherited) @executable_path/Frameworks";
				PRODUCT_NAME = "$(TARGET_NAME)";
			};
			name = Release;
		};
		7E7BDAC21A51369D00FB93CF /* Debug */ = {
			isa = XCBuildConfiguration;
			buildSettings = {
				BUNDLE_LOADER = "$(TEST_HOST)";
				FRAMEWORK_SEARCH_PATHS = (
					"$(SDKROOT)/Developer/Library/Frameworks",
					"$(inherited)",
				);
				GCC_PREPROCESSOR_DEFINITIONS = (
					"DEBUG=1",
					"$(inherited)",
				);
				INFOPLIST_FILE = "Six Flags HistoryTests/Info.plist";
				LD_RUNPATH_SEARCH_PATHS = "$(inherited) @executable_path/Frameworks @loader_path/Frameworks";
				PRODUCT_NAME = "$(TARGET_NAME)";
				TEST_HOST = "$(BUILT_PRODUCTS_DIR)/Six Flags History.app/Six Flags History";
			};
			name = Debug;
		};
		7E7BDAC31A51369D00FB93CF /* Release */ = {
			isa = XCBuildConfiguration;
			buildSettings = {
				BUNDLE_LOADER = "$(TEST_HOST)";
				FRAMEWORK_SEARCH_PATHS = (
					"$(SDKROOT)/Developer/Library/Frameworks",
					"$(inherited)",
				);
				INFOPLIST_FILE = "Six Flags HistoryTests/Info.plist";
				LD_RUNPATH_SEARCH_PATHS = "$(inherited) @executable_path/Frameworks @loader_path/Frameworks";
				PRODUCT_NAME = "$(TARGET_NAME)";
				TEST_HOST = "$(BUILT_PRODUCTS_DIR)/Six Flags History.app/Six Flags History";
			};
			name = Release;
		};
/* End XCBuildConfiguration section */

/* Begin XCConfigurationList section */
		7E7BDA961A51369D00FB93CF /* Build configuration list for PBXProject "Six Flags History" */ = {
			isa = XCConfigurationList;
			buildConfigurations = (
				7E7BDABC1A51369D00FB93CF /* Debug */,
				7E7BDABD1A51369D00FB93CF /* Release */,
			);
			defaultConfigurationIsVisible = 0;
			defaultConfigurationName = Release;
		};
		7E7BDABE1A51369D00FB93CF /* Build configuration list for PBXNativeTarget "Six Flags History" */ = {
			isa = XCConfigurationList;
			buildConfigurations = (
				7E7BDABF1A51369D00FB93CF /* Debug */,
				7E7BDAC01A51369D00FB93CF /* Release */,
			);
			defaultConfigurationIsVisible = 0;
			defaultConfigurationName = Release;
		};
		7E7BDAC11A51369D00FB93CF /* Build configuration list for PBXNativeTarget "Six Flags HistoryTests" */ = {
			isa = XCConfigurationList;
			buildConfigurations = (
				7E7BDAC21A51369D00FB93CF /* Debug */,
				7E7BDAC31A51369D00FB93CF /* Release */,
			);
			defaultConfigurationIsVisible = 0;
			defaultConfigurationName = Release;
		};
/* End XCConfigurationList section */
	};
	rootObject = 7E7BDA931A51369D00FB93CF /* Project object */;
}
